PODS:
  - Alamofire (4.9.0)
  - SDWebImage (5.2.3):
    - SDWebImage/Core (= 5.2.3)
  - SDWebImage/Core (5.2.3)
  - SVProgressHUD (2.2.5)

DEPENDENCIES:
  - Alamofire
  - SDWebImage
  - SVProgressHUD

SPEC REPOS:
  trunk:
    - Alamofire
    - SDWebImage
    - SVProgressHUD

SPEC CHECKSUMS:
  Alamofire: afc3e7c6db61476cb45cdd23fed06bad03bbc321
  SDWebImage: 46a7f73228f84ce80990c786e4372cf4db5875ce
  SVProgressHUD: 1428aafac632c1f86f62aa4243ec12008d7a51d6

PODFILE CHECKSUM: ca38b0e65aa65094a4250bbd8584137cb99136c1

COCOAPODS: 1.8.4
