PODS:
  - Alamofire (4.9.0)
  - SDWebImage (5.2.3):
    - SDWebImage/Core (= 5.2.3)
  - SDWebImage/Core (5.2.3)
  - SVProgressHUD (2.2.6)

DEPENDENCIES:
  - Alamofire
  - SDWebImage
  - SVProgressHUD (from `https://github.com/SVProgressHUD/SVProgressHUD.git`)

SPEC REPOS:
  trunk:
    - Alamofire
    - SDWebImage

EXTERNAL SOURCES:
  SVProgressHUD:
    :git: https://github.com/SVProgressHUD/SVProgressHUD.git

CHECKOUT OPTIONS:
  SVProgressHUD:
    :commit: 4fdf3fdc8703fd9915dae33fc1363c604a06b24e
    :git: https://github.com/SVProgressHUD/SVProgressHUD.git

SPEC CHECKSUMS:
  Alamofire: afc3e7c6db61476cb45cdd23fed06bad03bbc321
  SDWebImage: 46a7f73228f84ce80990c786e4372cf4db5875ce
  SVProgressHUD: 6ed134667e9ebb2f33679e8273cd48fd3fa349e5

PODFILE CHECKSUM: cdbffd40f383956beddea58bf35a3dcbe701b0e9

COCOAPODS: 1.8.4
